
Microsoft Visual Studio Solution File, Format Version 12.00
# Visual Studio Version 17
VisualStudioVersion = 17.4.33213.308
MinimumVisualStudioVersion = 10.0.40219.1
Project("{FAE04EC0-301F-11D3-BF4B-00C04F79EFBC}") = "NIDS_Implementation", "NIDS_Implementation\NIDS_Implementation.csproj", "{728A7ED6-D865-4D15-AC31-FB69A407B916}"
EndProject
Global
	GlobalSection(SolutionConfigurationPlatforms) = preSolution
		Debug|Any CPU = Debug|Any CPU
		Release|Any CPU = Release|Any CPU
	EndGlobalSection
	GlobalSection(ProjectConfigurationPlatforms) = postSolution
		{728A7ED6-D865-4D15-AC31-FB69A407B916}.Debug|Any CPU.ActiveCfg = Debug|Any CPU
		{728A7ED6-D865-4D15-AC31-FB69A407B916}.Debug|Any CPU.Build.0 = Debug|Any CPU
		{728A7ED6-D865-4D15-AC31-FB69A407B916}.Release|Any CPU.ActiveCfg = Release|Any CPU
		{728A7ED6-D865-4D15-AC31-FB69A407B916}.Release|Any CPU.Build.0 = Release|Any CPU
	EndGlobalSection
	GlobalSection(SolutionProperties) = preSolution
		HideSolutionNode = FALSE
	EndGlobalSection
	GlobalSection(ExtensibilityGlobals) = postSolution
		SolutionGuid = {B7131C97-78F7-4757-A45A-9C8D18877979}
	EndGlobalSection
EndGlobal
